
Microsoft Visual Studio Solution File, Format Version 12.00
# Visual Studio Version 17
VisualStudioVersion = 17.7.34009.444
MinimumVisualStudioVersion = 10.0.40219.1
Project("{FAE04EC0-301F-11D3-BF4B-00C04F79EFBC}") = "PeopleApp", "PeopleApp\PeopleApp.csproj", "{BC147AE7-55D7-441A-BA3F-2CD74AEB5144}"
EndProject
Project("{FAE04EC0-301F-11D3-BF4B-00C04F79EFBC}") = "PacktLibrary", "PacktLibrary\PacktLibrary.csproj", "{B971D125-86EB-4127-AADE-BD98F2301B50}"
EndProject
Global
	GlobalSection(SolutionConfigurationPlatforms) = preSolution
		Debug|Any CPU = Debug|Any CPU
		Release|Any CPU = Release|Any CPU
	EndGlobalSection
	GlobalSection(ProjectConfigurationPlatforms) = postSolution
		{BC147AE7-55D7-441A-BA3F-2CD74AEB5144}.Debug|Any CPU.ActiveCfg = Debug|Any CPU
		{BC147AE7-55D7-441A-BA3F-2CD74AEB5144}.Debug|Any CPU.Build.0 = Debug|Any CPU
		{BC147AE7-55D7-441A-BA3F-2CD74AEB5144}.Release|Any CPU.ActiveCfg = Release|Any CPU
		{BC147AE7-55D7-441A-BA3F-2CD74AEB5144}.Release|Any CPU.Build.0 = Release|Any CPU
		{B971D125-86EB-4127-AADE-BD98F2301B50}.Debug|Any CPU.ActiveCfg = Debug|Any CPU
		{B971D125-86EB-4127-AADE-BD98F2301B50}.Debug|Any CPU.Build.0 = Debug|Any CPU
		{B971D125-86EB-4127-AADE-BD98F2301B50}.Release|Any CPU.ActiveCfg = Release|Any CPU
		{B971D125-86EB-4127-AADE-BD98F2301B50}.Release|Any CPU.Build.0 = Release|Any CPU
	EndGlobalSection
	GlobalSection(SolutionProperties) = preSolution
		HideSolutionNode = FALSE
	EndGlobalSection
	GlobalSection(ExtensibilityGlobals) = postSolution
		SolutionGuid = {1570A759-88E4-47EC-87FD-3E8EFDF92BB7}
	EndGlobalSection
EndGlobal
