
Microsoft Visual Studio Solution File, Format Version 12.00
# Visual Studio Version 17
VisualStudioVersion = 17.7.34009.444
MinimumVisualStudioVersion = 10.0.40219.1
Project("{9A19103F-16F7-4668-BE54-9A1E7A4F7556}") = "PeopleApp", "PeopleApp\PeopleApp.csproj", "{BC147AE7-55D7-441A-BA3F-2CD74AEB5144}"
EndProject
Project("{9A19103F-16F7-4668-BE54-9A1E7A4F7556}") = "PacktLibrary", "PacktLibrary\PacktLibrary.csproj", "{B971D125-86EB-4127-AADE-BD98F2301B50}"
EndProject
Project("{9A19103F-16F7-4668-BE54-9A1E7A4F7556}") = "NullHandling", "NullHandling\NullHandling.csproj", "{99D1FC42-5071-42C3-892E-4080CF6702DD}"
EndProject
Project("{FAE04EC0-301F-11D3-BF4B-00C04F79EFBC}") = "CodeAnalyzing", "CodeAnalyzing\CodeAnalyzing.csproj", "{A69DCCD1-D4A4-4445-AC4D-7855D4AA3B52}"
EndProject
Project("{2150E333-8FDC-42A3-9474-1A3956D46DE8}") = "솔루션 항목", "솔루션 항목", "{50BE2169-AE4F-4CD7-802B-444F9C79150B}"
	ProjectSection(SolutionItems) = preProject
		stylecop.json = stylecop.json
	EndProjectSection
EndProject
Global
	GlobalSection(SolutionConfigurationPlatforms) = preSolution
		Debug|Any CPU = Debug|Any CPU
		Release|Any CPU = Release|Any CPU
	EndGlobalSection
	GlobalSection(ProjectConfigurationPlatforms) = postSolution
		{BC147AE7-55D7-441A-BA3F-2CD74AEB5144}.Debug|Any CPU.ActiveCfg = Debug|Any CPU
		{BC147AE7-55D7-441A-BA3F-2CD74AEB5144}.Debug|Any CPU.Build.0 = Debug|Any CPU
		{BC147AE7-55D7-441A-BA3F-2CD74AEB5144}.Release|Any CPU.ActiveCfg = Release|Any CPU
		{BC147AE7-55D7-441A-BA3F-2CD74AEB5144}.Release|Any CPU.Build.0 = Release|Any CPU
		{B971D125-86EB-4127-AADE-BD98F2301B50}.Debug|Any CPU.ActiveCfg = Debug|Any CPU
		{B971D125-86EB-4127-AADE-BD98F2301B50}.Debug|Any CPU.Build.0 = Debug|Any CPU
		{B971D125-86EB-4127-AADE-BD98F2301B50}.Release|Any CPU.ActiveCfg = Release|Any CPU
		{B971D125-86EB-4127-AADE-BD98F2301B50}.Release|Any CPU.Build.0 = Release|Any CPU
		{99D1FC42-5071-42C3-892E-4080CF6702DD}.Debug|Any CPU.ActiveCfg = Debug|Any CPU
		{99D1FC42-5071-42C3-892E-4080CF6702DD}.Debug|Any CPU.Build.0 = Debug|Any CPU
		{99D1FC42-5071-42C3-892E-4080CF6702DD}.Release|Any CPU.ActiveCfg = Release|Any CPU
		{99D1FC42-5071-42C3-892E-4080CF6702DD}.Release|Any CPU.Build.0 = Release|Any CPU
		{A69DCCD1-D4A4-4445-AC4D-7855D4AA3B52}.Debug|Any CPU.ActiveCfg = Debug|Any CPU
		{A69DCCD1-D4A4-4445-AC4D-7855D4AA3B52}.Debug|Any CPU.Build.0 = Debug|Any CPU
		{A69DCCD1-D4A4-4445-AC4D-7855D4AA3B52}.Release|Any CPU.ActiveCfg = Release|Any CPU
		{A69DCCD1-D4A4-4445-AC4D-7855D4AA3B52}.Release|Any CPU.Build.0 = Release|Any CPU
	EndGlobalSection
	GlobalSection(SolutionProperties) = preSolution
		HideSolutionNode = FALSE
	EndGlobalSection
	GlobalSection(ExtensibilityGlobals) = postSolution
		SolutionGuid = {1570A759-88E4-47EC-87FD-3E8EFDF92BB7}
	EndGlobalSection
EndGlobal
